{
  "name": "stringmap_mirror",
  "version": "1.0.0",
  "lockfileVersion": 2,
  "requires": true,
  "packages": {
    "": {
      "name": "stringmap_mirror",
      "version": "1.0.0",
      "license": "MIT",
      "dependencies": {
        "@abaplint/cli": "^2.120.50"
      }
    },
    "node_modules/@abaplint/cli": {
      "version": "2.120.50",
      "resolved": "https://registry.npmjs.org/@abaplint/cli/-/cli-2.120.50.tgz",
      "integrity": "sha512-wCM+0LsAxrMFvG5ublTULcRXg7+aSu+ykICpOX4byEZMl9+SyozzBv9UlLasbXbfdU417ag2+fEXziV79ai0Jg==",
      "license": "MIT",
      "bin": {
        "abaplint": "abaplint"
      },
      "engines": {
        "node": ">=22.0.0"
      },
      "funding": {
        "url": "https://github.com/sponsors/larshp"
      }
    }
  },
  "dependencies": {
    "@abaplint/cli": {
      "version": "2.120.50",
      "resolved": "https://registry.npmjs.org/@abaplint/cli/-/cli-2.120.50.tgz",
      "integrity": "sha512-wCM+0LsAxrMFvG5ublTULcRXg7+aSu+ykICpOX4byEZMl9+SyozzBv9UlLasbXbfdU417ag2+fEXziV79ai0Jg=="
    }
  }
}
