{
  "name": "stringmap_mirror",
  "version": "1.0.0",
  "lockfileVersion": 1,
  "requires": true,
  "dependencies": {
    "@abaplint/cli": {
      "version": "2.76.4",
      "resolved": "https://registry.npmjs.org/@abaplint/cli/-/cli-2.76.4.tgz",
      "integrity": "sha512-N0QPbeN61bPj8WNCCrcpfqEMSWLZxPlzJ1JrodE6mSI6fKOvtm8EKUJKV3DNogicSul2Usx4UT+h/TQf5H1idA=="
    }
  }
}
