{
  "name": "stringmap_mirror",
  "version": "1.0.0",
  "lockfileVersion": 2,
  "requires": true,
  "packages": {
    "": {
      "name": "stringmap_mirror",
      "version": "1.0.0",
      "license": "MIT",
      "dependencies": {
        "@abaplint/cli": "^2.115.10"
      }
    },
    "node_modules/@abaplint/cli": {
      "version": "2.115.10",
      "resolved": "https://registry.npmjs.org/@abaplint/cli/-/cli-2.115.10.tgz",
      "integrity": "sha512-iGMuPuETBhBrcETI8h77qyKX9gtLv2Quk4OFTKjQtzfQCOLSCXHAuGtcuQxOH6SfFduVjgnJKZ9OTm1k1XSK3Q==",
      "bin": {
        "abaplint": "abaplint"
      },
      "engines": {
        "node": ">=12.0.0"
      },
      "funding": {
        "url": "https://github.com/sponsors/larshp"
      }
    }
  },
  "dependencies": {
    "@abaplint/cli": {
      "version": "2.115.10",
      "resolved": "https://registry.npmjs.org/@abaplint/cli/-/cli-2.115.10.tgz",
      "integrity": "sha512-iGMuPuETBhBrcETI8h77qyKX9gtLv2Quk4OFTKjQtzfQCOLSCXHAuGtcuQxOH6SfFduVjgnJKZ9OTm1k1XSK3Q=="
    }
  }
}
